
Microsoft Visual Studio Solution File, Format Version 12.00
# Visual Studio 15
VisualStudioVersion = 15.0.28307.1433
MinimumVisualStudioVersion = 10.0.40219.1
Project("{FAE04EC0-301F-11D3-BF4B-00C04F79EFBC}") = "GestionEstacionesWeb", "GestionEstacionesWeb\GestionEstacionesWeb.csproj", "{55B92F24-EB05-40A0-85EA-AE33E6535C42}"
EndProject
Project("{FAE04EC0-301F-11D3-BF4B-00C04F79EFBC}") = "GestionEstacionesBD", "GestionEstacionesBD\GestionEstacionesBD.csproj", "{CD5EDBDB-7B7B-465B-BE8F-EBCFF15D8D63}"
EndProject
Global
	GlobalSection(SolutionConfigurationPlatforms) = preSolution
		Debug|Any CPU = Debug|Any CPU
		Release|Any CPU = Release|Any CPU
	EndGlobalSection
	GlobalSection(ProjectConfigurationPlatforms) = postSolution
		{55B92F24-EB05-40A0-85EA-AE33E6535C42}.Debug|Any CPU.ActiveCfg = Debug|Any CPU
		{55B92F24-EB05-40A0-85EA-AE33E6535C42}.Debug|Any CPU.Build.0 = Debug|Any CPU
		{55B92F24-EB05-40A0-85EA-AE33E6535C42}.Release|Any CPU.ActiveCfg = Release|Any CPU
		{55B92F24-EB05-40A0-85EA-AE33E6535C42}.Release|Any CPU.Build.0 = Release|Any CPU
		{CD5EDBDB-7B7B-465B-BE8F-EBCFF15D8D63}.Debug|Any CPU.ActiveCfg = Debug|Any CPU
		{CD5EDBDB-7B7B-465B-BE8F-EBCFF15D8D63}.Debug|Any CPU.Build.0 = Debug|Any CPU
		{CD5EDBDB-7B7B-465B-BE8F-EBCFF15D8D63}.Release|Any CPU.ActiveCfg = Release|Any CPU
		{CD5EDBDB-7B7B-465B-BE8F-EBCFF15D8D63}.Release|Any CPU.Build.0 = Release|Any CPU
	EndGlobalSection
	GlobalSection(SolutionProperties) = preSolution
		HideSolutionNode = FALSE
	EndGlobalSection
	GlobalSection(ExtensibilityGlobals) = postSolution
		SolutionGuid = {C46DD50C-D832-42E4-857E-61F1EDAEE284}
	EndGlobalSection
EndGlobal
